
Microsoft Visual Studio Solution File, Format Version 12.00
# Visual Studio Version 16
Project("{8BC9CEB8-8B4A-11D0-8D11-00A0C91BC942}") = "ALL_BUILD", "ALL_BUILD.vcxproj", "{A9741A8E-2929-31E2-9A05-CE06F4CE76A9}"
	ProjectSection(ProjectDependencies) = postProject
		{332503A1-7602-362A-A69A-0A84576BC32C} = {332503A1-7602-362A-A69A-0A84576BC32C}
		{02029931-70E5-37B2-8FB4-A0FE26B14C6C} = {02029931-70E5-37B2-8FB4-A0FE26B14C6C}
	EndProjectSection
EndProject
Project("{8BC9CEB8-8B4A-11D0-8D11-00A0C91BC942}") = "INSTALL", "INSTALL.vcxproj", "{BCF3AA5A-5801-37E5-9AE7-29DA5579FAB3}"
	ProjectSection(ProjectDependencies) = postProject
		{A9741A8E-2929-31E2-9A05-CE06F4CE76A9} = {A9741A8E-2929-31E2-9A05-CE06F4CE76A9}
		{332503A1-7602-362A-A69A-0A84576BC32C} = {332503A1-7602-362A-A69A-0A84576BC32C}
	EndProjectSection
EndProject
Project("{8BC9CEB8-8B4A-11D0-8D11-00A0C91BC942}") = "ZERO_CHECK", "ZERO_CHECK.vcxproj", "{332503A1-7602-362A-A69A-0A84576BC32C}"
	ProjectSection(ProjectDependencies) = postProject
	EndProjectSection
EndProject
Project("{8BC9CEB8-8B4A-11D0-8D11-00A0C91BC942}") = "denginys1", "denginys1.vcxproj", "{02029931-70E5-37B2-8FB4-A0FE26B14C6C}"
	ProjectSection(ProjectDependencies) = postProject
		{332503A1-7602-362A-A69A-0A84576BC32C} = {332503A1-7602-362A-A69A-0A84576BC32C}
	EndProjectSection
EndProject
Global
	GlobalSection(SolutionConfigurationPlatforms) = preSolution
		Debug|x64 = Debug|x64
		Release|x64 = Release|x64
		MinSizeRel|x64 = MinSizeRel|x64
		RelWithDebInfo|x64 = RelWithDebInfo|x64
	EndGlobalSection
	GlobalSection(ProjectConfigurationPlatforms) = postSolution
		{A9741A8E-2929-31E2-9A05-CE06F4CE76A9}.Debug|x64.ActiveCfg = Debug|x64
		{A9741A8E-2929-31E2-9A05-CE06F4CE76A9}.Debug|x64.Build.0 = Debug|x64
		{A9741A8E-2929-31E2-9A05-CE06F4CE76A9}.Release|x64.ActiveCfg = Release|x64
		{A9741A8E-2929-31E2-9A05-CE06F4CE76A9}.Release|x64.Build.0 = Release|x64
		{A9741A8E-2929-31E2-9A05-CE06F4CE76A9}.MinSizeRel|x64.ActiveCfg = MinSizeRel|x64
		{A9741A8E-2929-31E2-9A05-CE06F4CE76A9}.MinSizeRel|x64.Build.0 = MinSizeRel|x64
		{A9741A8E-2929-31E2-9A05-CE06F4CE76A9}.RelWithDebInfo|x64.ActiveCfg = RelWithDebInfo|x64
		{A9741A8E-2929-31E2-9A05-CE06F4CE76A9}.RelWithDebInfo|x64.Build.0 = RelWithDebInfo|x64
		{BCF3AA5A-5801-37E5-9AE7-29DA5579FAB3}.Debug|x64.ActiveCfg = Debug|x64
		{BCF3AA5A-5801-37E5-9AE7-29DA5579FAB3}.Release|x64.ActiveCfg = Release|x64
		{BCF3AA5A-5801-37E5-9AE7-29DA5579FAB3}.MinSizeRel|x64.ActiveCfg = MinSizeRel|x64
		{BCF3AA5A-5801-37E5-9AE7-29DA5579FAB3}.RelWithDebInfo|x64.ActiveCfg = RelWithDebInfo|x64
		{332503A1-7602-362A-A69A-0A84576BC32C}.Debug|x64.ActiveCfg = Debug|x64
		{332503A1-7602-362A-A69A-0A84576BC32C}.Debug|x64.Build.0 = Debug|x64
		{332503A1-7602-362A-A69A-0A84576BC32C}.Release|x64.ActiveCfg = Release|x64
		{332503A1-7602-362A-A69A-0A84576BC32C}.Release|x64.Build.0 = Release|x64
		{332503A1-7602-362A-A69A-0A84576BC32C}.MinSizeRel|x64.ActiveCfg = MinSizeRel|x64
		{332503A1-7602-362A-A69A-0A84576BC32C}.MinSizeRel|x64.Build.0 = MinSizeRel|x64
		{332503A1-7602-362A-A69A-0A84576BC32C}.RelWithDebInfo|x64.ActiveCfg = RelWithDebInfo|x64
		{332503A1-7602-362A-A69A-0A84576BC32C}.RelWithDebInfo|x64.Build.0 = RelWithDebInfo|x64
		{02029931-70E5-37B2-8FB4-A0FE26B14C6C}.Debug|x64.ActiveCfg = Debug|x64
		{02029931-70E5-37B2-8FB4-A0FE26B14C6C}.Debug|x64.Build.0 = Debug|x64
		{02029931-70E5-37B2-8FB4-A0FE26B14C6C}.Release|x64.ActiveCfg = Release|x64
		{02029931-70E5-37B2-8FB4-A0FE26B14C6C}.Release|x64.Build.0 = Release|x64
		{02029931-70E5-37B2-8FB4-A0FE26B14C6C}.MinSizeRel|x64.ActiveCfg = MinSizeRel|x64
		{02029931-70E5-37B2-8FB4-A0FE26B14C6C}.MinSizeRel|x64.Build.0 = MinSizeRel|x64
		{02029931-70E5-37B2-8FB4-A0FE26B14C6C}.RelWithDebInfo|x64.ActiveCfg = RelWithDebInfo|x64
		{02029931-70E5-37B2-8FB4-A0FE26B14C6C}.RelWithDebInfo|x64.Build.0 = RelWithDebInfo|x64
	EndGlobalSection
	GlobalSection(ExtensibilityGlobals) = postSolution
		SolutionGuid = {9867A0A1-9350-3226-A5BF-6E4145875AB3}
	EndGlobalSection
	GlobalSection(ExtensibilityAddIns) = postSolution
	EndGlobalSection
EndGlobal
